
Microsoft Visual Studio Solution File, Format Version 12.00
# Visual Studio Version 16
VisualStudioVersion = 16.0.30413.136
MinimumVisualStudioVersion = 10.0.40219.1
Project("{FAE04EC0-301F-11D3-BF4B-00C04F79EFBC}") = "ProjectAI", "ProjectAI\ProjectAI.csproj", "{31F1030F-DD4F-4A13-82AA-D614797B9021}"
EndProject
Global
	GlobalSection(SolutionConfigurationPlatforms) = preSolution
		Debug|Any CPU = Debug|Any CPU
		Release|Any CPU = Release|Any CPU
	EndGlobalSection
	GlobalSection(ProjectConfigurationPlatforms) = postSolution
		{31F1030F-DD4F-4A13-82AA-D614797B9021}.Debug|Any CPU.ActiveCfg = Debug|Any CPU
		{31F1030F-DD4F-4A13-82AA-D614797B9021}.Debug|Any CPU.Build.0 = Debug|Any CPU
		{31F1030F-DD4F-4A13-82AA-D614797B9021}.Release|Any CPU.ActiveCfg = Release|Any CPU
		{31F1030F-DD4F-4A13-82AA-D614797B9021}.Release|Any CPU.Build.0 = Release|Any CPU
	EndGlobalSection
	GlobalSection(SolutionProperties) = preSolution
		HideSolutionNode = FALSE
	EndGlobalSection
	GlobalSection(ExtensibilityGlobals) = postSolution
		SolutionGuid = {16D670D6-8B70-4F98-98FB-40CF3DF5F5D8}
	EndGlobalSection
EndGlobal
